// !$*UTF8*$!
{
	archiveVersion = 1;
	classes = {
	};
	objectVersion = 50;
	objects = {

/* Begin PBXBuildFile section */
		CD1E8B5F24D935980082F2F9 /* AppDelegate.m in Sources */ = {isa = PBXBuildFile; fileRef = CD1E8B5E24D935980082F2F9 /* AppDelegate.m */; };
		CD1E8B6124D9359A0082F2F9 /* Assets.xcassets in Resources */ = {isa = PBXBuildFile; fileRef = CD1E8B6024D9359A0082F2F9 /* Assets.xcassets */; };
		CD1E8B6424D9359A0082F2F9 /* MainMenu.xib in Resources */ = {isa = PBXBuildFile; fileRef = CD1E8B6224D9359A0082F2F9 /* MainMenu.xib */; };
		CD1E8B6724D9359A0082F2F9 /* main.m in Sources */ = {isa = PBXBuildFile; fileRef = CD1E8B6624D9359A0082F2F9 /* main.m */; };
		CD1E8B6F24D935BA0082F2F9 /* app in Resources */ = {isa = PBXBuildFile; fileRef = CD564AB724C2F09C00587CBC /* app */; };
		CDA940C024EF1A76004C45A8 /* Credits.html in Resources */ = {isa = PBXBuildFile; fileRef = CDA940BF24EF1A76004C45A8 /* Credits.html */; };
		CDB4273C25CD52F00053668E /* README.md in Resources */ = {isa = PBXBuildFile; fileRef = CDB4273B25CD52F00053668E /* README.md */; };
		CDE3837F24EC60CE0053F00C /* AppleMediaKeyController.m in Sources */ = {isa = PBXBuildFile; fileRef = CDE3837E24EC60CE0053F00C /* AppleMediaKeyController.m */; };
		CDFD5D6224E9118600E7ACD7 /* ElectrinoFramework.framework in Frameworks */ = {isa = PBXBuildFile; fileRef = CD1E8B5024D751DD0082F2F9 /* ElectrinoFramework.framework */; };
		CDFD5D6324E9118600E7ACD7 /* ElectrinoFramework.framework in Embed Frameworks */ = {isa = PBXBuildFile; fileRef = CD1E8B5024D751DD0082F2F9 /* ElectrinoFramework.framework */; settings = {ATTRIBUTES = (CodeSignOnCopy, RemoveHeadersOnCopy, ); }; };
/* End PBXBuildFile section */

/* Begin PBXCopyFilesBuildPhase section */
		CDE3837524EBF47B0053F00C /* Embed App Extensions */ = {
			isa = PBXCopyFilesBuildPhase;
			buildActionMask = 2147483647;
			dstPath = "";
			dstSubfolderSpec = 13;
			files = (
			);
			name = "Embed App Extensions";
			runOnlyForDeploymentPostprocessing = 0;
		};
		CDFD5D6424E9118600E7ACD7 /* Embed Frameworks */ = {
			isa = PBXCopyFilesBuildPhase;
			buildActionMask = 2147483647;
			dstPath = "";
			dstSubfolderSpec = 10;
			files = (
				CDFD5D6324E9118600E7ACD7 /* ElectrinoFramework.framework in Embed Frameworks */,
			);
			name = "Embed Frameworks";
			runOnlyForDeploymentPostprocessing = 0;
		};
/* End PBXCopyFilesBuildPhase section */

/* Begin PBXFileReference section */
		CD1E8B5024D751DD0082F2F9 /* ElectrinoFramework.framework */ = {isa = PBXFileReference; explicitFileType = wrapper.framework; path = ElectrinoFramework.framework; sourceTree = BUILT_PRODUCTS_DIR; };
		CD1E8B5B24D935980082F2F9 /* Avacia.app */ = {isa = PBXFileReference; explicitFileType = wrapper.application; includeInIndex = 0; path = Avacia.app; sourceTree = BUILT_PRODUCTS_DIR; };
		CD1E8B5D24D935980082F2F9 /* AppDelegate.h */ = {isa = PBXFileReference; lastKnownFileType = sourcecode.c.h; path = AppDelegate.h; sourceTree = "<group>"; };
		CD1E8B5E24D935980082F2F9 /* AppDelegate.m */ = {isa = PBXFileReference; lastKnownFileType = sourcecode.c.objc; path = AppDelegate.m; sourceTree = "<group>"; };
		CD1E8B6024D9359A0082F2F9 /* Assets.xcassets */ = {isa = PBXFileReference; lastKnownFileType = folder.assetcatalog; path = Assets.xcassets; sourceTree = "<group>"; };
		CD1E8B6324D9359A0082F2F9 /* Base */ = {isa = PBXFileReference; lastKnownFileType = file.xib; name = Base; path = Base.lproj/MainMenu.xib; sourceTree = "<group>"; };
		CD1E8B6524D9359A0082F2F9 /* Info.plist */ = {isa = PBXFileReference; lastKnownFileType = text.plist.xml; path = Info.plist; sourceTree = "<group>"; };
		CD1E8B6624D9359A0082F2F9 /* main.m */ = {isa = PBXFileReference; lastKnownFileType = sourcecode.c.objc; path = main.m; sourceTree = "<group>"; };
		CD1E8B6824D9359A0082F2F9 /* Avacia.entitlements */ = {isa = PBXFileReference; lastKnownFileType = text.plist.entitlements; path = Avacia.entitlements; sourceTree = "<group>"; };
		CD564AB724C2F09C00587CBC /* app */ = {isa = PBXFileReference; lastKnownFileType = folder; path = app; sourceTree = "<group>"; };
		CDA940BF24EF1A76004C45A8 /* Credits.html */ = {isa = PBXFileReference; fileEncoding = 4; lastKnownFileType = text.html; path = Credits.html; sourceTree = "<group>"; };
		CDB4273B25CD52F00053668E /* README.md */ = {isa = PBXFileReference; fileEncoding = 4; lastKnownFileType = net.daringfireball.markdown; path = README.md; sourceTree = "<group>"; };
		CDE3836024EBF47B0053F00C /* Cocoa.framework */ = {isa = PBXFileReference; lastKnownFileType = wrapper.framework; name = Cocoa.framework; path = System/Library/Frameworks/Cocoa.framework; sourceTree = SDKROOT; };
		CDE3837D24EC60CE0053F00C /* AppleMediaKeyController.h */ = {isa = PBXFileReference; fileEncoding = 4; lastKnownFileType = sourcecode.c.h; path = AppleMediaKeyController.h; sourceTree = "<group>"; };
		CDE3837E24EC60CE0053F00C /* AppleMediaKeyController.m */ = {isa = PBXFileReference; fileEncoding = 4; lastKnownFileType = sourcecode.c.objc; path = AppleMediaKeyController.m; sourceTree = "<group>"; };
/* End PBXFileReference section */

/* Begin PBXFrameworksBuildPhase section */
		CD1E8B5824D935980082F2F9 /* Frameworks */ = {
			isa = PBXFrameworksBuildPhase;
			buildActionMask = 2147483647;
			files = (
				CDFD5D6224E9118600E7ACD7 /* ElectrinoFramework.framework in Frameworks */,
			);
			runOnlyForDeploymentPostprocessing = 0;
		};
/* End PBXFrameworksBuildPhase section */

/* Begin PBXGroup section */
		CD1E8B5C24D935980082F2F9 /* Avacia */ = {
			isa = PBXGroup;
			children = (
				CDA940BF24EF1A76004C45A8 /* Credits.html */,
				CDE3837D24EC60CE0053F00C /* AppleMediaKeyController.h */,
				CDE3837E24EC60CE0053F00C /* AppleMediaKeyController.m */,
				CD1E8B5D24D935980082F2F9 /* AppDelegate.h */,
				CD1E8B5E24D935980082F2F9 /* AppDelegate.m */,
				CD1E8B6024D9359A0082F2F9 /* Assets.xcassets */,
				CD1E8B6224D9359A0082F2F9 /* MainMenu.xib */,
				CD1E8B6524D9359A0082F2F9 /* Info.plist */,
				CD1E8B6624D9359A0082F2F9 /* main.m */,
				CD1E8B6824D9359A0082F2F9 /* Avacia.entitlements */,
			);
			path = Avacia;
			sourceTree = "<group>";
		};
		CD61F56324C2E0F800623B5B = {
			isa = PBXGroup;
			children = (
				CDB4273B25CD52F00053668E /* README.md */,
				CD1E8B5024D751DD0082F2F9 /* ElectrinoFramework.framework */,
				CD564AB724C2F09C00587CBC /* app */,
				CD1E8B5C24D935980082F2F9 /* Avacia */,
				CD61F56D24C2E0F800623B5B /* Products */,
				CDFD5D6124E9118600E7ACD7 /* Frameworks */,
			);
			sourceTree = "<group>";
			usesTabs = 1;
		};
		CD61F56D24C2E0F800623B5B /* Products */ = {
			isa = PBXGroup;
			children = (
				CD1E8B5B24D935980082F2F9 /* Avacia.app */,
			);
			name = Products;
			sourceTree = "<group>";
		};
		CDFD5D6124E9118600E7ACD7 /* Frameworks */ = {
			isa = PBXGroup;
			children = (
				CDE3836024EBF47B0053F00C /* Cocoa.framework */,
			);
			name = Frameworks;
			sourceTree = "<group>";
		};
/* End PBXGroup section */

/* Begin PBXNativeTarget section */
		CD1E8B5A24D935980082F2F9 /* Avacia */ = {
			isa = PBXNativeTarget;
			buildConfigurationList = CD1E8B6924D9359A0082F2F9 /* Build configuration list for PBXNativeTarget "Avacia" */;
			buildPhases = (
				CD1E8B5724D935980082F2F9 /* Sources */,
				CD1E8B5824D935980082F2F9 /* Frameworks */,
				CD1E8B5924D935980082F2F9 /* Resources */,
				CDFD5D6424E9118600E7ACD7 /* Embed Frameworks */,
				CDE3837524EBF47B0053F00C /* Embed App Extensions */,
			);
			buildRules = (
			);
			dependencies = (
			);
			name = Avacia;
			productName = avacia;
			productReference = CD1E8B5B24D935980082F2F9 /* Avacia.app */;
			productType = "com.apple.product-type.application";
		};
/* End PBXNativeTarget section */

/* Begin PBXProject section */
		CD61F56424C2E0F800623B5B /* Project object */ = {
			isa = PBXProject;
			attributes = {
				LastSwiftUpdateCheck = 1030;
				LastUpgradeCheck = 1030;
				ORGANIZATIONNAME = apla.me;
				TargetAttributes = {
					CD1E8B5A24D935980082F2F9 = {
						CreatedOnToolsVersion = 10.3;
						SystemCapabilities = {
							com.apple.Sandbox = {
								enabled = 1;
							};
						};
					};
				};
			};
			buildConfigurationList = CD61F56724C2E0F800623B5B /* Build configuration list for PBXProject "Avacia" */;
			compatibilityVersion = "Xcode 9.3";
			developmentRegion = en;
			hasScannedForEncodings = 0;
			knownRegions = (
				en,
				Base,
			);
			mainGroup = CD61F56324C2E0F800623B5B;
			productRefGroup = CD61F56D24C2E0F800623B5B /* Products */;
			projectDirPath = "";
			projectRoot = "";
			targets = (
				CD1E8B5A24D935980082F2F9 /* Avacia */,
			);
		};
/* End PBXProject section */

/* Begin PBXResourcesBuildPhase section */
		CD1E8B5924D935980082F2F9 /* Resources */ = {
			isa = PBXResourcesBuildPhase;
			buildActionMask = 2147483647;
			files = (
				CD1E8B6F24D935BA0082F2F9 /* app in Resources */,
				CDA940C024EF1A76004C45A8 /* Credits.html in Resources */,
				CDB4273C25CD52F00053668E /* README.md in Resources */,
				CD1E8B6124D9359A0082F2F9 /* Assets.xcassets in Resources */,
				CD1E8B6424D9359A0082F2F9 /* MainMenu.xib in Resources */,
			);
			runOnlyForDeploymentPostprocessing = 0;
		};
/* End PBXResourcesBuildPhase section */

/* Begin PBXSourcesBuildPhase section */
		CD1E8B5724D935980082F2F9 /* Sources */ = {
			isa = PBXSourcesBuildPhase;
			buildActionMask = 2147483647;
			files = (
				CD1E8B6724D9359A0082F2F9 /* main.m in Sources */,
				CDE3837F24EC60CE0053F00C /* AppleMediaKeyController.m in Sources */,
				CD1E8B5F24D935980082F2F9 /* AppDelegate.m in Sources */,
			);
			runOnlyForDeploymentPostprocessing = 0;
		};
/* End PBXSourcesBuildPhase section */

/* Begin PBXVariantGroup section */
		CD1E8B6224D9359A0082F2F9 /* MainMenu.xib */ = {
			isa = PBXVariantGroup;
			children = (
				CD1E8B6324D9359A0082F2F9 /* Base */,
			);
			name = MainMenu.xib;
			sourceTree = "<group>";
		};
/* End PBXVariantGroup section */

/* Begin XCBuildConfiguration section */
		CD1E8B6A24D9359A0082F2F9 /* Debug */ = {
			isa = XCBuildConfiguration;
			buildSettings = {
				ASSETCATALOG_COMPILER_APPICON_NAME = AppIcon;
				CODE_SIGN_ENTITLEMENTS = avacia/avacia.entitlements;
				CODE_SIGN_STYLE = Automatic;
				COMBINE_HIDPI_IMAGES = YES;
				CURRENT_PROJECT_VERSION = 1;
				INFOPLIST_FILE = avacia/Info.plist;
				LD_RUNPATH_SEARCH_PATHS = (
					"$(inherited)",
					"@executable_path/../Frameworks",
				);
				MARKETING_VERSION = 1.2.1;
				ONLY_ACTIVE_ARCH = NO;
				PRODUCT_BUNDLE_IDENTIFIER = me.apla.avacia;
				PRODUCT_NAME = "$(TARGET_NAME)";
			};
			name = Debug;
		};
		CD1E8B6B24D9359A0082F2F9 /* Release */ = {
			isa = XCBuildConfiguration;
			buildSettings = {
				ASSETCATALOG_COMPILER_APPICON_NAME = AppIcon;
				CODE_SIGN_ENTITLEMENTS = avacia/avacia.entitlements;
				CODE_SIGN_STYLE = Automatic;
				COMBINE_HIDPI_IMAGES = YES;
				CURRENT_PROJECT_VERSION = 1;
				INFOPLIST_FILE = avacia/Info.plist;
				LD_RUNPATH_SEARCH_PATHS = (
					"$(inherited)",
					"@executable_path/../Frameworks",
				);
				MARKETING_VERSION = 1.2.1;
				ONLY_ACTIVE_ARCH = NO;
				PRODUCT_BUNDLE_IDENTIFIER = me.apla.avacia;
				PRODUCT_NAME = "$(TARGET_NAME)";
			};
			name = Release;
		};
		CD61F57824C2E0FA00623B5B /* Debug */ = {
			isa = XCBuildConfiguration;
			buildSettings = {
				ALWAYS_SEARCH_USER_PATHS = NO;
				CLANG_ANALYZER_NONNULL = YES;
				CLANG_ANALYZER_NUMBER_OBJECT_CONVERSION = YES_AGGRESSIVE;
				CLANG_CXX_LANGUAGE_STANDARD = "gnu++14";
				CLANG_CXX_LIBRARY = "libc++";
				CLANG_ENABLE_MODULES = YES;
				CLANG_ENABLE_OBJC_ARC = YES;
				CLANG_ENABLE_OBJC_WEAK = YES;
				CLANG_WARN_BLOCK_CAPTURE_AUTORELEASING = YES;
				CLANG_WARN_BOOL_CONVERSION = YES;
				CLANG_WARN_COMMA = YES;
				CLANG_WARN_CONSTANT_CONVERSION = YES;
				CLANG_WARN_DEPRECATED_OBJC_IMPLEMENTATIONS = YES;
				CLANG_WARN_DIRECT_OBJC_ISA_USAGE = YES_ERROR;
				CLANG_WARN_DOCUMENTATION_COMMENTS = YES;
				CLANG_WARN_EMPTY_BODY = YES;
				CLANG_WARN_ENUM_CONVERSION = YES;
				CLANG_WARN_INFINITE_RECURSION = YES;
				CLANG_WARN_INT_CONVERSION = YES;
				CLANG_WARN_NON_LITERAL_NULL_CONVERSION = YES;
				CLANG_WARN_OBJC_IMPLICIT_RETAIN_SELF = YES;
				CLANG_WARN_OBJC_LITERAL_CONVERSION = YES;
				CLANG_WARN_OBJC_ROOT_CLASS = YES_ERROR;
				CLANG_WARN_RANGE_LOOP_ANALYSIS = YES;
				CLANG_WARN_STRICT_PROTOTYPES = YES;
				CLANG_WARN_SUSPICIOUS_MOVE = YES;
				CLANG_WARN_UNGUARDED_AVAILABILITY = YES_AGGRESSIVE;
				CLANG_WARN_UNREACHABLE_CODE = YES;
				CLANG_WARN__DUPLICATE_METHOD_MATCH = YES;
				CODE_SIGN_IDENTITY = "-";
				COPY_PHASE_STRIP = NO;
				DEBUG_INFORMATION_FORMAT = dwarf;
				ENABLE_STRICT_OBJC_MSGSEND = YES;
				ENABLE_TESTABILITY = YES;
				GCC_C_LANGUAGE_STANDARD = gnu11;
				GCC_DYNAMIC_NO_PIC = NO;
				GCC_NO_COMMON_BLOCKS = YES;
				GCC_OPTIMIZATION_LEVEL = 0;
				GCC_PREPROCESSOR_DEFINITIONS = (
					"DEBUG=1",
					"$(inherited)",
				);
				GCC_WARN_64_TO_32_BIT_CONVERSION = YES;
				GCC_WARN_ABOUT_RETURN_TYPE = YES_ERROR;
				GCC_WARN_UNDECLARED_SELECTOR = YES;
				GCC_WARN_UNINITIALIZED_AUTOS = YES_AGGRESSIVE;
				GCC_WARN_UNUSED_FUNCTION = YES;
				GCC_WARN_UNUSED_VARIABLE = YES;
				MACOSX_DEPLOYMENT_TARGET = 10.13;
				MTL_ENABLE_DEBUG_INFO = INCLUDE_SOURCE;
				MTL_FAST_MATH = YES;
				ONLY_ACTIVE_ARCH = YES;
				SDKROOT = macosx;
				SWIFT_ACTIVE_COMPILATION_CONDITIONS = DEBUG;
				SWIFT_OPTIMIZATION_LEVEL = "-Onone";
			};
			name = Debug;
		};
		CD61F57924C2E0FA00623B5B /* Release */ = {
			isa = XCBuildConfiguration;
			buildSettings = {
				ALWAYS_SEARCH_USER_PATHS = NO;
				CLANG_ANALYZER_NONNULL = YES;
				CLANG_ANALYZER_NUMBER_OBJECT_CONVERSION = YES_AGGRESSIVE;
				CLANG_CXX_LANGUAGE_STANDARD = "gnu++14";
				CLANG_CXX_LIBRARY = "libc++";
				CLANG_ENABLE_MODULES = YES;
				CLANG_ENABLE_OBJC_ARC = YES;
				CLANG_ENABLE_OBJC_WEAK = YES;
				CLANG_WARN_BLOCK_CAPTURE_AUTORELEASING = YES;
				CLANG_WARN_BOOL_CONVERSION = YES;
				CLANG_WARN_COMMA = YES;
				CLANG_WARN_CONSTANT_CONVERSION = YES;
				CLANG_WARN_DEPRECATED_OBJC_IMPLEMENTATIONS = YES;
				CLANG_WARN_DIRECT_OBJC_ISA_USAGE = YES_ERROR;
				CLANG_WARN_DOCUMENTATION_COMMENTS = YES;
				CLANG_WARN_EMPTY_BODY = YES;
				CLANG_WARN_ENUM_CONVERSION = YES;
				CLANG_WARN_INFINITE_RECURSION = YES;
				CLANG_WARN_INT_CONVERSION = YES;
				CLANG_WARN_NON_LITERAL_NULL_CONVERSION = YES;
				CLANG_WARN_OBJC_IMPLICIT_RETAIN_SELF = YES;
				CLANG_WARN_OBJC_LITERAL_CONVERSION = YES;
				CLANG_WARN_OBJC_ROOT_CLASS = YES_ERROR;
				CLANG_WARN_RANGE_LOOP_ANALYSIS = YES;
				CLANG_WARN_STRICT_PROTOTYPES = YES;
				CLANG_WARN_SUSPICIOUS_MOVE = YES;
				CLANG_WARN_UNGUARDED_AVAILABILITY = YES_AGGRESSIVE;
				CLANG_WARN_UNREACHABLE_CODE = YES;
				CLANG_WARN__DUPLICATE_METHOD_MATCH = YES;
				CODE_SIGN_IDENTITY = "-";
				COPY_PHASE_STRIP = NO;
				DEBUG_INFORMATION_FORMAT = "dwarf-with-dsym";
				ENABLE_NS_ASSERTIONS = NO;
				ENABLE_STRICT_OBJC_MSGSEND = YES;
				GCC_C_LANGUAGE_STANDARD = gnu11;
				GCC_NO_COMMON_BLOCKS = YES;
				GCC_WARN_64_TO_32_BIT_CONVERSION = YES;
				GCC_WARN_ABOUT_RETURN_TYPE = YES_ERROR;
				GCC_WARN_UNDECLARED_SELECTOR = YES;
				GCC_WARN_UNINITIALIZED_AUTOS = YES_AGGRESSIVE;
				GCC_WARN_UNUSED_FUNCTION = YES;
				GCC_WARN_UNUSED_VARIABLE = YES;
				MACOSX_DEPLOYMENT_TARGET = 10.13;
				MTL_ENABLE_DEBUG_INFO = NO;
				MTL_FAST_MATH = YES;
				SDKROOT = macosx;
				SWIFT_COMPILATION_MODE = wholemodule;
				SWIFT_OPTIMIZATION_LEVEL = "-O";
			};
			name = Release;
		};
/* End XCBuildConfiguration section */

/* Begin XCConfigurationList section */
		CD1E8B6924D9359A0082F2F9 /* Build configuration list for PBXNativeTarget "Avacia" */ = {
			isa = XCConfigurationList;
			buildConfigurations = (
				CD1E8B6A24D9359A0082F2F9 /* Debug */,
				CD1E8B6B24D9359A0082F2F9 /* Release */,
			);
			defaultConfigurationIsVisible = 0;
			defaultConfigurationName = Release;
		};
		CD61F56724C2E0F800623B5B /* Build configuration list for PBXProject "Avacia" */ = {
			isa = XCConfigurationList;
			buildConfigurations = (
				CD61F57824C2E0FA00623B5B /* Debug */,
				CD61F57924C2E0FA00623B5B /* Release */,
			);
			defaultConfigurationIsVisible = 0;
			defaultConfigurationName = Release;
		};
/* End XCConfigurationList section */
	};
	rootObject = CD61F56424C2E0F800623B5B /* Project object */;
}
